
Microsoft Visual Studio Solution File, Format Version 12.00
# Visual Studio 15
VisualStudioVersion = 15.0.28307.902
MinimumVisualStudioVersion = 10.0.40219.1
Project("{FAE04EC0-301F-11D3-BF4B-00C04F79EFBC}") = "NotificationManager", "NotificationManager\NotificationManager.csproj", "{52BC7F18-DB18-4566-8563-9F91F7363CE7}"
EndProject
Global
	GlobalSection(SolutionConfigurationPlatforms) = preSolution
		Debug|Any CPU = Debug|Any CPU
		Release|Any CPU = Release|Any CPU
	EndGlobalSection
	GlobalSection(ProjectConfigurationPlatforms) = postSolution
		{52BC7F18-DB18-4566-8563-9F91F7363CE7}.Debug|Any CPU.ActiveCfg = Debug|Any CPU
		{52BC7F18-DB18-4566-8563-9F91F7363CE7}.Debug|Any CPU.Build.0 = Debug|Any CPU
		{52BC7F18-DB18-4566-8563-9F91F7363CE7}.Release|Any CPU.ActiveCfg = Release|Any CPU
		{52BC7F18-DB18-4566-8563-9F91F7363CE7}.Release|Any CPU.Build.0 = Release|Any CPU
	EndGlobalSection
	GlobalSection(SolutionProperties) = preSolution
		HideSolutionNode = FALSE
	EndGlobalSection
	GlobalSection(ExtensibilityGlobals) = postSolution
		SolutionGuid = {75495E37-B335-4339-BC8E-3F2C5E0C1FCE}
	EndGlobalSection
EndGlobal
